
Microsoft Visual Studio Solution File, Format Version 12.00
# Visual Studio Version 17
VisualStudioVersion = 17.3.32929.385
MinimumVisualStudioVersion = 10.0.40219.1
Project("{FAE04EC0-301F-11D3-BF4B-00C04F79EFBC}") = "BezierCurves", "BezierCurves\BezierCurves.csproj", "{2F02137C-EBE0-4004-A811-9414A0CB3271}"
EndProject
Global
	GlobalSection(SolutionConfigurationPlatforms) = preSolution
		Debug|Any CPU = Debug|Any CPU
		Release|Any CPU = Release|Any CPU
	EndGlobalSection
	GlobalSection(ProjectConfigurationPlatforms) = postSolution
		{2F02137C-EBE0-4004-A811-9414A0CB3271}.Debug|Any CPU.ActiveCfg = Debug|Any CPU
		{2F02137C-EBE0-4004-A811-9414A0CB3271}.Debug|Any CPU.Build.0 = Debug|Any CPU
		{2F02137C-EBE0-4004-A811-9414A0CB3271}.Release|Any CPU.ActiveCfg = Release|Any CPU
		{2F02137C-EBE0-4004-A811-9414A0CB3271}.Release|Any CPU.Build.0 = Release|Any CPU
	EndGlobalSection
	GlobalSection(SolutionProperties) = preSolution
		HideSolutionNode = FALSE
	EndGlobalSection
	GlobalSection(ExtensibilityGlobals) = postSolution
		SolutionGuid = {347F4980-8D6E-4483-BE80-DD0302E0CDA9}
	EndGlobalSection
EndGlobal
